
Microsoft Visual Studio Solution File, Format Version 12.00
# Visual Studio Version 16
VisualStudioVersion = 16.0.29709.97
MinimumVisualStudioVersion = 10.0.40219.1
Project("{FAE04EC0-301F-11D3-BF4B-00C04F79EFBC}") = "Chess.Api", "Chess.Api\Chess.Api.csproj", "{A65EE0E3-E44D-4789-82B4-7FCA4CF1AB4F}"
EndProject
Global
	GlobalSection(SolutionConfigurationPlatforms) = preSolution
		Debug|Any CPU = Debug|Any CPU
		Release|Any CPU = Release|Any CPU
	EndGlobalSection
	GlobalSection(ProjectConfigurationPlatforms) = postSolution
		{A65EE0E3-E44D-4789-82B4-7FCA4CF1AB4F}.Debug|Any CPU.ActiveCfg = Debug|Any CPU
		{A65EE0E3-E44D-4789-82B4-7FCA4CF1AB4F}.Debug|Any CPU.Build.0 = Debug|Any CPU
		{A65EE0E3-E44D-4789-82B4-7FCA4CF1AB4F}.Release|Any CPU.ActiveCfg = Release|Any CPU
		{A65EE0E3-E44D-4789-82B4-7FCA4CF1AB4F}.Release|Any CPU.Build.0 = Release|Any CPU
	EndGlobalSection
	GlobalSection(SolutionProperties) = preSolution
		HideSolutionNode = FALSE
	EndGlobalSection
	GlobalSection(ExtensibilityGlobals) = postSolution
		SolutionGuid = {C018AE0F-9A06-4BA5-97B5-60210541212E}
	EndGlobalSection
EndGlobal
